
Microsoft Visual Studio Solution File, Format Version 12.00
# Visual Studio 14
VisualStudioVersion = 14.0.23107.0
MinimumVisualStudioVersion = 10.0.40219.1
Project("{FAE04EC0-301F-11D3-BF4B-00C04F79EFBC}") = "Kase-ng", "Kase-ng\Kase-ng.csproj", "{2CDA4C54-EAA8-4285-9474-F1F6AE744301}"
EndProject
Project("{FAE04EC0-301F-11D3-BF4B-00C04F79EFBC}") = "Kase-ng.Tests", "Kase-ng.Tests\Kase-ng.Tests.csproj", "{E7491FC8-FFF8-43AD-889E-C2B543854548}"
EndProject
Global
	GlobalSection(SolutionConfigurationPlatforms) = preSolution
		Debug|Any CPU = Debug|Any CPU
		Release|Any CPU = Release|Any CPU
	EndGlobalSection
	GlobalSection(ProjectConfigurationPlatforms) = postSolution
		{2CDA4C54-EAA8-4285-9474-F1F6AE744301}.Debug|Any CPU.ActiveCfg = Debug|Any CPU
		{2CDA4C54-EAA8-4285-9474-F1F6AE744301}.Debug|Any CPU.Build.0 = Debug|Any CPU
		{2CDA4C54-EAA8-4285-9474-F1F6AE744301}.Release|Any CPU.ActiveCfg = Release|Any CPU
		{2CDA4C54-EAA8-4285-9474-F1F6AE744301}.Release|Any CPU.Build.0 = Release|Any CPU
		{E7491FC8-FFF8-43AD-889E-C2B543854548}.Debug|Any CPU.ActiveCfg = Debug|Any CPU
		{E7491FC8-FFF8-43AD-889E-C2B543854548}.Debug|Any CPU.Build.0 = Debug|Any CPU
		{E7491FC8-FFF8-43AD-889E-C2B543854548}.Release|Any CPU.ActiveCfg = Release|Any CPU
		{E7491FC8-FFF8-43AD-889E-C2B543854548}.Release|Any CPU.Build.0 = Release|Any CPU
	EndGlobalSection
	GlobalSection(SolutionProperties) = preSolution
		HideSolutionNode = FALSE
	EndGlobalSection
EndGlobal
